
Microsoft Visual Studio Solution File, Format Version 12.00
# Visual Studio Version 17
VisualStudioVersion = 17.0.31903.59
MinimumVisualStudioVersion = 10.0.40219.1
Project("{2150E333-8FDC-42A3-9474-1A3956D46DE8}") = "src", "src", "{EEE071CA-BEAC-482D-AAC5-348BC60619C0}"
EndProject
Project("{FAE04EC0-301F-11D3-BF4B-00C04F79EFBC}") = "SVVideoDownloader.App", "src\SVVideoDownloader.App\SVVideoDownloader.App.csproj", "{4CC76E36-C79B-4C71-AEC9-3AB0AC9614EA}"
EndProject
Project("{FAE04EC0-301F-11D3-BF4B-00C04F79EFBC}") = "SVVideoDownloader.Core", "src\SVVideoDownloader.Core\SVVideoDownloader.Core.csproj", "{F315E35C-33BF-4A72-8C27-CAD85879D3DD}"
EndProject
Project("{FAE04EC0-301F-11D3-BF4B-00C04F79EFBC}") = "SVVideoDownloader.Infrastructure", "src\SVVideoDownloader.Infrastructure\SVVideoDownloader.Infrastructure.csproj", "{A056FD89-1E74-4D07-AD08-DBEB82A53688}"
EndProject
Project("{2150E333-8FDC-42A3-9474-1A3956D46DE8}") = "tests", "tests", "{9EFC27D1-A227-4295-80F2-4F64B1364B5C}"
EndProject
Project("{FAE04EC0-301F-11D3-BF4B-00C04F79EFBC}") = "SVVideoDownloader.Core.Tests", "tests\SVVideoDownloader.Core.Tests\SVVideoDownloader.Core.Tests.csproj", "{BD35BA62-85A8-459B-8A64-67D8F1966EFD}"
EndProject
Project("{FAE04EC0-301F-11D3-BF4B-00C04F79EFBC}") = "SVVideoDownloader.Infrastructure.Tests", "tests\SVVideoDownloader.Infrastructure.Tests\SVVideoDownloader.Infrastructure.Tests.csproj", "{A56FFA35-43AB-4386-9B80-76DB66DB65FF}"
EndProject
Project("{FAE04EC0-301F-11D3-BF4B-00C04F79EFBC}") = "SVVideoDownloader.App.Tests", "tests\SVVideoDownloader.App.Tests\SVVideoDownloader.App.Tests.csproj", "{4F226DD0-3B71-47D8-AB03-AB24E44E5130}"
EndProject
Global
	GlobalSection(SolutionConfigurationPlatforms) = preSolution
		Debug|Any CPU = Debug|Any CPU
		Debug|x64 = Debug|x64
		Debug|x86 = Debug|x86
		Release|Any CPU = Release|Any CPU
		Release|x64 = Release|x64
		Release|x86 = Release|x86
	EndGlobalSection
	GlobalSection(ProjectConfigurationPlatforms) = postSolution
		{4CC76E36-C79B-4C71-AEC9-3AB0AC9614EA}.Debug|Any CPU.ActiveCfg = Debug|Any CPU
		{4CC76E36-C79B-4C71-AEC9-3AB0AC9614EA}.Debug|Any CPU.Build.0 = Debug|Any CPU
		{4CC76E36-C79B-4C71-AEC9-3AB0AC9614EA}.Debug|x64.ActiveCfg = Debug|Any CPU
		{4CC76E36-C79B-4C71-AEC9-3AB0AC9614EA}.Debug|x64.Build.0 = Debug|Any CPU
		{4CC76E36-C79B-4C71-AEC9-3AB0AC9614EA}.Debug|x86.ActiveCfg = Debug|Any CPU
		{4CC76E36-C79B-4C71-AEC9-3AB0AC9614EA}.Debug|x86.Build.0 = Debug|Any CPU
		{4CC76E36-C79B-4C71-AEC9-3AB0AC9614EA}.Release|Any CPU.ActiveCfg = Release|Any CPU
		{4CC76E36-C79B-4C71-AEC9-3AB0AC9614EA}.Release|Any CPU.Build.0 = Release|Any CPU
		{4CC76E36-C79B-4C71-AEC9-3AB0AC9614EA}.Release|x64.ActiveCfg = Release|Any CPU
		{4CC76E36-C79B-4C71-AEC9-3AB0AC9614EA}.Release|x64.Build.0 = Release|Any CPU
		{4CC76E36-C79B-4C71-AEC9-3AB0AC9614EA}.Release|x86.ActiveCfg = Release|Any CPU
		{4CC76E36-C79B-4C71-AEC9-3AB0AC9614EA}.Release|x86.Build.0 = Release|Any CPU
		{F315E35C-33BF-4A72-8C27-CAD85879D3DD}.Debug|Any CPU.ActiveCfg = Debug|Any CPU
		{F315E35C-33BF-4A72-8C27-CAD85879D3DD}.Debug|Any CPU.Build.0 = Debug|Any CPU
		{F315E35C-33BF-4A72-8C27-CAD85879D3DD}.Debug|x64.ActiveCfg = Debug|Any CPU
		{F315E35C-33BF-4A72-8C27-CAD85879D3DD}.Debug|x64.Build.0 = Debug|Any CPU
		{F315E35C-33BF-4A72-8C27-CAD85879D3DD}.Debug|x86.ActiveCfg = Debug|Any CPU
		{F315E35C-33BF-4A72-8C27-CAD85879D3DD}.Debug|x86.Build.0 = Debug|Any CPU
		{F315E35C-33BF-4A72-8C27-CAD85879D3DD}.Release|Any CPU.ActiveCfg = Release|Any CPU
		{F315E35C-33BF-4A72-8C27-CAD85879D3DD}.Release|Any CPU.Build.0 = Release|Any CPU
		{F315E35C-33BF-4A72-8C27-CAD85879D3DD}.Release|x64.ActiveCfg = Release|Any CPU
		{F315E35C-33BF-4A72-8C27-CAD85879D3DD}.Release|x64.Build.0 = Release|Any CPU
		{F315E35C-33BF-4A72-8C27-CAD85879D3DD}.Release|x86.ActiveCfg = Release|Any CPU
		{F315E35C-33BF-4A72-8C27-CAD85879D3DD}.Release|x86.Build.0 = Release|Any CPU
		{A056FD89-1E74-4D07-AD08-DBEB82A53688}.Debug|Any CPU.ActiveCfg = Debug|Any CPU
		{A056FD89-1E74-4D07-AD08-DBEB82A53688}.Debug|Any CPU.Build.0 = Debug|Any CPU
		{A056FD89-1E74-4D07-AD08-DBEB82A53688}.Debug|x64.ActiveCfg = Debug|Any CPU
		{A056FD89-1E74-4D07-AD08-DBEB82A53688}.Debug|x64.Build.0 = Debug|Any CPU
		{A056FD89-1E74-4D07-AD08-DBEB82A53688}.Debug|x86.ActiveCfg = Debug|Any CPU
		{A056FD89-1E74-4D07-AD08-DBEB82A53688}.Debug|x86.Build.0 = Debug|Any CPU
		{A056FD89-1E74-4D07-AD08-DBEB82A53688}.Release|Any CPU.ActiveCfg = Release|Any CPU
		{A056FD89-1E74-4D07-AD08-DBEB82A53688}.Release|Any CPU.Build.0 = Release|Any CPU
		{A056FD89-1E74-4D07-AD08-DBEB82A53688}.Release|x64.ActiveCfg = Release|Any CPU
		{A056FD89-1E74-4D07-AD08-DBEB82A53688}.Release|x64.Build.0 = Release|Any CPU
		{A056FD89-1E74-4D07-AD08-DBEB82A53688}.Release|x86.ActiveCfg = Release|Any CPU
		{A056FD89-1E74-4D07-AD08-DBEB82A53688}.Release|x86.Build.0 = Release|Any CPU
		{BD35BA62-85A8-459B-8A64-67D8F1966EFD}.Debug|Any CPU.ActiveCfg = Debug|Any CPU
		{BD35BA62-85A8-459B-8A64-67D8F1966EFD}.Debug|Any CPU.Build.0 = Debug|Any CPU
		{BD35BA62-85A8-459B-8A64-67D8F1966EFD}.Debug|x64.ActiveCfg = Debug|Any CPU
		{BD35BA62-85A8-459B-8A64-67D8F1966EFD}.Debug|x64.Build.0 = Debug|Any CPU
		{BD35BA62-85A8-459B-8A64-67D8F1966EFD}.Debug|x86.ActiveCfg = Debug|Any CPU
		{BD35BA62-85A8-459B-8A64-67D8F1966EFD}.Debug|x86.Build.0 = Debug|Any CPU
		{BD35BA62-85A8-459B-8A64-67D8F1966EFD}.Release|Any CPU.ActiveCfg = Release|Any CPU
		{BD35BA62-85A8-459B-8A64-67D8F1966EFD}.Release|Any CPU.Build.0 = Release|Any CPU
		{BD35BA62-85A8-459B-8A64-67D8F1966EFD}.Release|x64.ActiveCfg = Release|Any CPU
		{BD35BA62-85A8-459B-8A64-67D8F1966EFD}.Release|x64.Build.0 = Release|Any CPU
		{BD35BA62-85A8-459B-8A64-67D8F1966EFD}.Release|x86.ActiveCfg = Release|Any CPU
		{BD35BA62-85A8-459B-8A64-67D8F1966EFD}.Release|x86.Build.0 = Release|Any CPU
		{A56FFA35-43AB-4386-9B80-76DB66DB65FF}.Debug|Any CPU.ActiveCfg = Debug|Any CPU
		{A56FFA35-43AB-4386-9B80-76DB66DB65FF}.Debug|Any CPU.Build.0 = Debug|Any CPU
		{A56FFA35-43AB-4386-9B80-76DB66DB65FF}.Debug|x64.ActiveCfg = Debug|Any CPU
		{A56FFA35-43AB-4386-9B80-76DB66DB65FF}.Debug|x64.Build.0 = Debug|Any CPU
		{A56FFA35-43AB-4386-9B80-76DB66DB65FF}.Debug|x86.ActiveCfg = Debug|Any CPU
		{A56FFA35-43AB-4386-9B80-76DB66DB65FF}.Debug|x86.Build.0 = Debug|Any CPU
		{A56FFA35-43AB-4386-9B80-76DB66DB65FF}.Release|Any CPU.ActiveCfg = Release|Any CPU
		{A56FFA35-43AB-4386-9B80-76DB66DB65FF}.Release|Any CPU.Build.0 = Release|Any CPU
		{A56FFA35-43AB-4386-9B80-76DB66DB65FF}.Release|x64.ActiveCfg = Release|Any CPU
		{A56FFA35-43AB-4386-9B80-76DB66DB65FF}.Release|x64.Build.0 = Release|Any CPU
		{A56FFA35-43AB-4386-9B80-76DB66DB65FF}.Release|x86.ActiveCfg = Release|Any CPU
		{A56FFA35-43AB-4386-9B80-76DB66DB65FF}.Release|x86.Build.0 = Release|Any CPU
		{4F226DD0-3B71-47D8-AB03-AB24E44E5130}.Debug|Any CPU.ActiveCfg = Debug|Any CPU
		{4F226DD0-3B71-47D8-AB03-AB24E44E5130}.Debug|Any CPU.Build.0 = Debug|Any CPU
		{4F226DD0-3B71-47D8-AB03-AB24E44E5130}.Debug|x64.ActiveCfg = Debug|Any CPU
		{4F226DD0-3B71-47D8-AB03-AB24E44E5130}.Debug|x64.Build.0 = Debug|Any CPU
		{4F226DD0-3B71-47D8-AB03-AB24E44E5130}.Debug|x86.ActiveCfg = Debug|Any CPU
		{4F226DD0-3B71-47D8-AB03-AB24E44E5130}.Debug|x86.Build.0 = Debug|Any CPU
		{4F226DD0-3B71-47D8-AB03-AB24E44E5130}.Release|Any CPU.ActiveCfg = Release|Any CPU
		{4F226DD0-3B71-47D8-AB03-AB24E44E5130}.Release|Any CPU.Build.0 = Release|Any CPU
		{4F226DD0-3B71-47D8-AB03-AB24E44E5130}.Release|x64.ActiveCfg = Release|Any CPU
		{4F226DD0-3B71-47D8-AB03-AB24E44E5130}.Release|x64.Build.0 = Release|Any CPU
		{4F226DD0-3B71-47D8-AB03-AB24E44E5130}.Release|x86.ActiveCfg = Release|Any CPU
		{4F226DD0-3B71-47D8-AB03-AB24E44E5130}.Release|x86.Build.0 = Release|Any CPU
	EndGlobalSection
	GlobalSection(SolutionProperties) = preSolution
		HideSolutionNode = FALSE
	EndGlobalSection
	GlobalSection(NestedProjects) = preSolution
		{4CC76E36-C79B-4C71-AEC9-3AB0AC9614EA} = {EEE071CA-BEAC-482D-AAC5-348BC60619C0}
		{F315E35C-33BF-4A72-8C27-CAD85879D3DD} = {EEE071CA-BEAC-482D-AAC5-348BC60619C0}
		{A056FD89-1E74-4D07-AD08-DBEB82A53688} = {EEE071CA-BEAC-482D-AAC5-348BC60619C0}
		{BD35BA62-85A8-459B-8A64-67D8F1966EFD} = {9EFC27D1-A227-4295-80F2-4F64B1364B5C}
		{A56FFA35-43AB-4386-9B80-76DB66DB65FF} = {9EFC27D1-A227-4295-80F2-4F64B1364B5C}
		{4F226DD0-3B71-47D8-AB03-AB24E44E5130} = {9EFC27D1-A227-4295-80F2-4F64B1364B5C}
	EndGlobalSection
EndGlobal
